
Microsoft Visual Studio Solution File, Format Version 12.00
# Visual Studio Version 16
VisualStudioVersion = 16.0.31205.134
MinimumVisualStudioVersion = 10.0.40219.1
Project("{FAE04EC0-301F-11D3-BF4B-00C04F79EFBC}") = "MusicPlayer", "MusicPlayer\MusicPlayer.csproj", "{5C305795-A56D-452F-A713-2965CCDF365F}"
EndProject
Global
	GlobalSection(SolutionConfigurationPlatforms) = preSolution
		Debug|Any CPU = Debug|Any CPU
		Release|Any CPU = Release|Any CPU
	EndGlobalSection
	GlobalSection(ProjectConfigurationPlatforms) = postSolution
		{5C305795-A56D-452F-A713-2965CCDF365F}.Debug|Any CPU.ActiveCfg = Debug|Any CPU
		{5C305795-A56D-452F-A713-2965CCDF365F}.Debug|Any CPU.Build.0 = Debug|Any CPU
		{5C305795-A56D-452F-A713-2965CCDF365F}.Release|Any CPU.ActiveCfg = Release|Any CPU
		{5C305795-A56D-452F-A713-2965CCDF365F}.Release|Any CPU.Build.0 = Release|Any CPU
	EndGlobalSection
	GlobalSection(SolutionProperties) = preSolution
		HideSolutionNode = FALSE
	EndGlobalSection
	GlobalSection(ExtensibilityGlobals) = postSolution
		SolutionGuid = {911C748B-3E29-4D74-943F-B618A7334705}
	EndGlobalSection
EndGlobal
